
Microsoft Visual Studio Solution File, Format Version 12.00
# Visual Studio Version 17
VisualStudioVersion = 17.5.2.0
MinimumVisualStudioVersion = 10.0.40219.1
Project("{2150E333-8FDC-42A3-9474-1A3956D46DE8}") = "tests", "tests", "{0AB3BF05-4346-4AA6-1389-037BE0695223}"
EndProject
Project("{2150E333-8FDC-42A3-9474-1A3956D46DE8}") = "src", "src", "{5AB36F7E-BBAF-4C7C-B86C-1865B88588D2}"
EndProject
Project("{FAE04EC0-301F-11D3-BF4B-00C04F79EFBC}") = "Daedalus.Console", "src\Daedalus.Console\Daedalus.Console.csproj", "{C123D456-E789-0ABC-DEF1-234567890ABC}"
EndProject
Project("{FAE04EC0-301F-11D3-BF4B-00C04F79EFBC}") = "Daedalus.Domain", "src\Daedalus.Domain\Daedalus.Domain.csproj", "{C223D456-E789-0ABC-DEF1-234567890ABC}"
EndProject
Project("{FAE04EC0-301F-11D3-BF4B-00C04F79EFBC}") = "Daedalus.Application", "src\Daedalus.Application\Daedalus.Application.csproj", "{C323D456-E789-0ABC-DEF1-234567890ABC}"
EndProject
Project("{FAE04EC0-301F-11D3-BF4B-00C04F79EFBC}") = "Daedalus.Infrastructure", "src\Daedalus.Infrastructure\Daedalus.Infrastructure.csproj", "{C423D456-E789-0ABC-DEF1-234567890ABC}"
EndProject
Project("{FAE04EC0-301F-11D3-BF4B-00C04F79EFBC}") = "Daedalus.AppHost", "src\Daedalus.AppHost\Daedalus.AppHost.csproj", "{D123D456-E789-0ABC-DEF1-234567890ABD}"
EndProject
Project("{FAE04EC0-301F-11D3-BF4B-00C04F79EFBC}") = "Daedalus.ServiceDefaults", "src\Daedalus.ServiceDefaults\Daedalus.ServiceDefaults.csproj", "{E123D456-E789-0ABC-DEF1-234567890ABE}"
EndProject
Project("{FAE04EC0-301F-11D3-BF4B-00C04F79EFBC}") = "Daedalus.Api", "src\Daedalus.Api\Daedalus.Api.csproj", "{F123D456-E789-0ABC-DEF1-234567890ABF}"
EndProject
Project("{FAE04EC0-301F-11D3-BF4B-00C04F79EFBC}") = "Daedalus.Web", "src\Daedalus.Web\Daedalus.Web.csproj", "{D223D456-E789-0ABC-DEF1-234567890ABC}"
EndProject
Project("{FAE04EC0-301F-11D3-BF4B-00C04F79EFBC}") = "Daedalus.Migrations", "src\Daedalus.Migrations\Daedalus.Migrations.csproj", "{E223D456-E789-0ABC-DEF1-234567890ABC}"
EndProject
Project("{FAE04EC0-301F-11D3-BF4B-00C04F79EFBC}") = "Daedalus.Tests.Integration", "tests\Daedalus.Tests.Integration\Daedalus.Tests.Integration.csproj", "{B24BEC0F-EFAB-EE42-9C15-4E0DA56DC2FC}"
EndProject
Project("{FAE04EC0-301F-11D3-BF4B-00C04F79EFBC}") = "Daedalus.Tests.Unit", "tests\Daedalus.Tests.Unit\Daedalus.Tests.Unit.csproj", "{A9CD3F80-5A83-7B93-06E2-26C1766F946F}"
EndProject
Project("{FAE04EC0-301F-11D3-BF4B-00C04F79EFBC}") = "Daedalus.Tests.Unit.Domain", "tests\Daedalus.Tests.Unit.Domain\Daedalus.Tests.Unit.Domain.csproj", "{A1CD3F80-5A83-7B93-06E2-26C1766F946F}"
EndProject
Project("{FAE04EC0-301F-11D3-BF4B-00C04F79EFBC}") = "Daedalus.Tests.Unit.Application", "tests\Daedalus.Tests.Unit.Application\Daedalus.Tests.Unit.Application.csproj", "{A2CD3F80-5A83-7B93-06E2-26C1766F946F}"
EndProject
Project("{FAE04EC0-301F-11D3-BF4B-00C04F79EFBC}") = "Daedalus.Tests.Unit.Infrastructure", "tests\Daedalus.Tests.Unit.Infrastructure\Daedalus.Tests.Unit.Infrastructure.csproj", "{A3CD3F80-5A83-7B93-06E2-26C1766F946F}"
EndProject
Project("{2150E333-8FDC-42A3-9474-1A3956D46DE8}") = "Solution Files", "Solution Files", "{7D2E81A4-09A1-4CC1-93F6-EAC19BF56311}"
	ProjectSection(SolutionItems) = preProject
		.dockerignore = .dockerignore
		.editorconfig = .editorconfig
		Directory.Build.props = Directory.Build.props
		Directory.Packages.props = Directory.Packages.props
		docker-compose.yml = docker-compose.yml
		Dockerfile = Dockerfile
		README.md = README.md
		.gitignore = .gitignore
		Daedalus.sln = Daedalus.sln
		Daedalus.sln.DotSettings.user = Daedalus.sln.DotSettings.user
		docker-compose.full.yml = docker-compose.full.yml
	EndProjectSection
EndProject
Project("{FAE04EC0-301F-11D3-BF4B-00C04F79EFBC}") = "Daedalus.Tests.Playwright.Api", "tests\Daedalus.Tests.Playwright.Api\Daedalus.Tests.Playwright.Api.csproj", "{BC1DD830-F263-4BF6-AAFA-C395DA52AF9E}"
EndProject
Project("{FAE04EC0-301F-11D3-BF4B-00C04F79EFBC}") = "Daedalus.Tests.Playwright.Browser", "tests\Daedalus.Tests.Playwright.Browser\Daedalus.Tests.Playwright.Browser.csproj", "{0AE4BA46-1AEC-401E-98BB-6B55662DB343}"
EndProject
Global
	GlobalSection(SolutionConfigurationPlatforms) = preSolution
		Debug|Any CPU = Debug|Any CPU
		Debug|x64 = Debug|x64
		Debug|x86 = Debug|x86
		Release|Any CPU = Release|Any CPU
		Release|x64 = Release|x64
		Release|x86 = Release|x86
	EndGlobalSection
	GlobalSection(ProjectConfigurationPlatforms) = postSolution
		{C123D456-E789-0ABC-DEF1-234567890ABC}.Debug|Any CPU.ActiveCfg = Debug|Any CPU
		{C123D456-E789-0ABC-DEF1-234567890ABC}.Debug|Any CPU.Build.0 = Debug|Any CPU
		{C123D456-E789-0ABC-DEF1-234567890ABC}.Debug|x64.ActiveCfg = Debug|Any CPU
		{C123D456-E789-0ABC-DEF1-234567890ABC}.Debug|x64.Build.0 = Debug|Any CPU
		{C123D456-E789-0ABC-DEF1-234567890ABC}.Debug|x86.ActiveCfg = Debug|Any CPU
		{C123D456-E789-0ABC-DEF1-234567890ABC}.Debug|x86.Build.0 = Debug|Any CPU
		{C123D456-E789-0ABC-DEF1-234567890ABC}.Release|Any CPU.ActiveCfg = Release|Any CPU
		{C123D456-E789-0ABC-DEF1-234567890ABC}.Release|Any CPU.Build.0 = Release|Any CPU
		{C123D456-E789-0ABC-DEF1-234567890ABC}.Release|x64.ActiveCfg = Release|Any CPU
		{C123D456-E789-0ABC-DEF1-234567890ABC}.Release|x64.Build.0 = Release|Any CPU
		{C123D456-E789-0ABC-DEF1-234567890ABC}.Release|x86.ActiveCfg = Release|Any CPU
		{C123D456-E789-0ABC-DEF1-234567890ABC}.Release|x86.Build.0 = Release|Any CPU
		{C223D456-E789-0ABC-DEF1-234567890ABC}.Debug|Any CPU.ActiveCfg = Debug|Any CPU
		{C223D456-E789-0ABC-DEF1-234567890ABC}.Debug|Any CPU.Build.0 = Debug|Any CPU
		{C223D456-E789-0ABC-DEF1-234567890ABC}.Debug|x64.ActiveCfg = Debug|Any CPU
		{C223D456-E789-0ABC-DEF1-234567890ABC}.Debug|x64.Build.0 = Debug|Any CPU
		{C223D456-E789-0ABC-DEF1-234567890ABC}.Debug|x86.ActiveCfg = Debug|Any CPU
		{C223D456-E789-0ABC-DEF1-234567890ABC}.Debug|x86.Build.0 = Debug|Any CPU
		{C223D456-E789-0ABC-DEF1-234567890ABC}.Release|Any CPU.ActiveCfg = Release|Any CPU
		{C223D456-E789-0ABC-DEF1-234567890ABC}.Release|Any CPU.Build.0 = Release|Any CPU
		{C223D456-E789-0ABC-DEF1-234567890ABC}.Release|x64.ActiveCfg = Release|Any CPU
		{C223D456-E789-0ABC-DEF1-234567890ABC}.Release|x64.Build.0 = Release|Any CPU
		{C223D456-E789-0ABC-DEF1-234567890ABC}.Release|x86.ActiveCfg = Release|Any CPU
		{C223D456-E789-0ABC-DEF1-234567890ABC}.Release|x86.Build.0 = Release|Any CPU
		{C323D456-E789-0ABC-DEF1-234567890ABC}.Debug|Any CPU.ActiveCfg = Debug|Any CPU
		{C323D456-E789-0ABC-DEF1-234567890ABC}.Debug|Any CPU.Build.0 = Debug|Any CPU
		{C323D456-E789-0ABC-DEF1-234567890ABC}.Debug|x64.ActiveCfg = Debug|Any CPU
		{C323D456-E789-0ABC-DEF1-234567890ABC}.Debug|x64.Build.0 = Debug|Any CPU
		{C323D456-E789-0ABC-DEF1-234567890ABC}.Debug|x86.ActiveCfg = Debug|Any CPU
		{C323D456-E789-0ABC-DEF1-234567890ABC}.Debug|x86.Build.0 = Debug|Any CPU
		{C323D456-E789-0ABC-DEF1-234567890ABC}.Release|Any CPU.ActiveCfg = Release|Any CPU
		{C323D456-E789-0ABC-DEF1-234567890ABC}.Release|Any CPU.Build.0 = Release|Any CPU
		{C323D456-E789-0ABC-DEF1-234567890ABC}.Release|x64.ActiveCfg = Release|Any CPU
		{C323D456-E789-0ABC-DEF1-234567890ABC}.Release|x64.Build.0 = Release|Any CPU
		{C323D456-E789-0ABC-DEF1-234567890ABC}.Release|x86.ActiveCfg = Release|Any CPU
		{C323D456-E789-0ABC-DEF1-234567890ABC}.Release|x86.Build.0 = Release|Any CPU
		{C423D456-E789-0ABC-DEF1-234567890ABC}.Debug|Any CPU.ActiveCfg = Debug|Any CPU
		{C423D456-E789-0ABC-DEF1-234567890ABC}.Debug|Any CPU.Build.0 = Debug|Any CPU
		{C423D456-E789-0ABC-DEF1-234567890ABC}.Debug|x64.ActiveCfg = Debug|Any CPU
		{C423D456-E789-0ABC-DEF1-234567890ABC}.Debug|x64.Build.0 = Debug|Any CPU
		{C423D456-E789-0ABC-DEF1-234567890ABC}.Debug|x86.ActiveCfg = Debug|Any CPU
		{C423D456-E789-0ABC-DEF1-234567890ABC}.Debug|x86.Build.0 = Debug|Any CPU
		{C423D456-E789-0ABC-DEF1-234567890ABC}.Release|Any CPU.ActiveCfg = Release|Any CPU
		{C423D456-E789-0ABC-DEF1-234567890ABC}.Release|Any CPU.Build.0 = Release|Any CPU
		{C423D456-E789-0ABC-DEF1-234567890ABC}.Release|x64.ActiveCfg = Release|Any CPU
		{C423D456-E789-0ABC-DEF1-234567890ABC}.Release|x64.Build.0 = Release|Any CPU
		{C423D456-E789-0ABC-DEF1-234567890ABC}.Release|x86.ActiveCfg = Release|Any CPU
		{C423D456-E789-0ABC-DEF1-234567890ABC}.Release|x86.Build.0 = Release|Any CPU
		{D123D456-E789-0ABC-DEF1-234567890ABD}.Debug|Any CPU.ActiveCfg = Debug|Any CPU
		{D123D456-E789-0ABC-DEF1-234567890ABD}.Debug|Any CPU.Build.0 = Debug|Any CPU
		{D123D456-E789-0ABC-DEF1-234567890ABD}.Debug|x64.ActiveCfg = Debug|Any CPU
		{D123D456-E789-0ABC-DEF1-234567890ABD}.Debug|x64.Build.0 = Debug|Any CPU
		{D123D456-E789-0ABC-DEF1-234567890ABD}.Debug|x86.ActiveCfg = Debug|Any CPU
		{D123D456-E789-0ABC-DEF1-234567890ABD}.Debug|x86.Build.0 = Debug|Any CPU
		{D123D456-E789-0ABC-DEF1-234567890ABD}.Release|Any CPU.ActiveCfg = Release|Any CPU
		{D123D456-E789-0ABC-DEF1-234567890ABD}.Release|Any CPU.Build.0 = Release|Any CPU
		{D123D456-E789-0ABC-DEF1-234567890ABD}.Release|x64.ActiveCfg = Release|Any CPU
		{D123D456-E789-0ABC-DEF1-234567890ABD}.Release|x64.Build.0 = Release|Any CPU
		{D123D456-E789-0ABC-DEF1-234567890ABD}.Release|x86.ActiveCfg = Release|Any CPU
		{D123D456-E789-0ABC-DEF1-234567890ABD}.Release|x86.Build.0 = Release|Any CPU
		{E123D456-E789-0ABC-DEF1-234567890ABE}.Debug|Any CPU.ActiveCfg = Debug|Any CPU
		{E123D456-E789-0ABC-DEF1-234567890ABE}.Debug|Any CPU.Build.0 = Debug|Any CPU
		{E123D456-E789-0ABC-DEF1-234567890ABE}.Debug|x64.ActiveCfg = Debug|Any CPU
		{E123D456-E789-0ABC-DEF1-234567890ABE}.Debug|x64.Build.0 = Debug|Any CPU
		{E123D456-E789-0ABC-DEF1-234567890ABE}.Debug|x86.ActiveCfg = Debug|Any CPU
		{E123D456-E789-0ABC-DEF1-234567890ABE}.Debug|x86.Build.0 = Debug|Any CPU
		{E123D456-E789-0ABC-DEF1-234567890ABE}.Release|Any CPU.ActiveCfg = Release|Any CPU
		{E123D456-E789-0ABC-DEF1-234567890ABE}.Release|Any CPU.Build.0 = Release|Any CPU
		{E123D456-E789-0ABC-DEF1-234567890ABE}.Release|x64.ActiveCfg = Release|Any CPU
		{E123D456-E789-0ABC-DEF1-234567890ABE}.Release|x64.Build.0 = Release|Any CPU
		{E123D456-E789-0ABC-DEF1-234567890ABE}.Release|x86.ActiveCfg = Release|Any CPU
		{E123D456-E789-0ABC-DEF1-234567890ABE}.Release|x86.Build.0 = Release|Any CPU
		{F123D456-E789-0ABC-DEF1-234567890ABF}.Debug|Any CPU.ActiveCfg = Debug|Any CPU
		{F123D456-E789-0ABC-DEF1-234567890ABF}.Debug|Any CPU.Build.0 = Debug|Any CPU
		{F123D456-E789-0ABC-DEF1-234567890ABF}.Debug|x64.ActiveCfg = Debug|Any CPU
		{F123D456-E789-0ABC-DEF1-234567890ABF}.Debug|x64.Build.0 = Debug|Any CPU
		{F123D456-E789-0ABC-DEF1-234567890ABF}.Debug|x86.ActiveCfg = Debug|Any CPU
		{F123D456-E789-0ABC-DEF1-234567890ABF}.Debug|x86.Build.0 = Debug|Any CPU
		{F123D456-E789-0ABC-DEF1-234567890ABF}.Release|Any CPU.ActiveCfg = Release|Any CPU
		{F123D456-E789-0ABC-DEF1-234567890ABF}.Release|Any CPU.Build.0 = Release|Any CPU
		{F123D456-E789-0ABC-DEF1-234567890ABF}.Release|x64.ActiveCfg = Release|Any CPU
		{F123D456-E789-0ABC-DEF1-234567890ABF}.Release|x64.Build.0 = Release|Any CPU
		{F123D456-E789-0ABC-DEF1-234567890ABF}.Release|x86.ActiveCfg = Release|Any CPU
		{F123D456-E789-0ABC-DEF1-234567890ABF}.Release|x86.Build.0 = Release|Any CPU
		{D223D456-E789-0ABC-DEF1-234567890ABC}.Debug|Any CPU.ActiveCfg = Debug|Any CPU
		{D223D456-E789-0ABC-DEF1-234567890ABC}.Debug|Any CPU.Build.0 = Debug|Any CPU
		{D223D456-E789-0ABC-DEF1-234567890ABC}.Debug|x64.ActiveCfg = Debug|Any CPU
		{D223D456-E789-0ABC-DEF1-234567890ABC}.Debug|x64.Build.0 = Debug|Any CPU
		{D223D456-E789-0ABC-DEF1-234567890ABC}.Debug|x86.ActiveCfg = Debug|Any CPU
		{D223D456-E789-0ABC-DEF1-234567890ABC}.Debug|x86.Build.0 = Debug|Any CPU
		{D223D456-E789-0ABC-DEF1-234567890ABC}.Release|Any CPU.ActiveCfg = Release|Any CPU
		{D223D456-E789-0ABC-DEF1-234567890ABC}.Release|Any CPU.Build.0 = Release|Any CPU
		{D223D456-E789-0ABC-DEF1-234567890ABC}.Release|x64.ActiveCfg = Release|Any CPU
		{D223D456-E789-0ABC-DEF1-234567890ABC}.Release|x64.Build.0 = Release|Any CPU
		{D223D456-E789-0ABC-DEF1-234567890ABC}.Release|x86.ActiveCfg = Release|Any CPU
		{D223D456-E789-0ABC-DEF1-234567890ABC}.Release|x86.Build.0 = Release|Any CPU
		{E223D456-E789-0ABC-DEF1-234567890ABC}.Debug|Any CPU.ActiveCfg = Debug|Any CPU
		{E223D456-E789-0ABC-DEF1-234567890ABC}.Debug|Any CPU.Build.0 = Debug|Any CPU
		{E223D456-E789-0ABC-DEF1-234567890ABC}.Debug|x64.ActiveCfg = Debug|Any CPU
		{E223D456-E789-0ABC-DEF1-234567890ABC}.Debug|x64.Build.0 = Debug|Any CPU
		{E223D456-E789-0ABC-DEF1-234567890ABC}.Debug|x86.ActiveCfg = Debug|Any CPU
		{E223D456-E789-0ABC-DEF1-234567890ABC}.Debug|x86.Build.0 = Debug|Any CPU
		{E223D456-E789-0ABC-DEF1-234567890ABC}.Release|Any CPU.ActiveCfg = Release|Any CPU
		{E223D456-E789-0ABC-DEF1-234567890ABC}.Release|Any CPU.Build.0 = Release|Any CPU
		{E223D456-E789-0ABC-DEF1-234567890ABC}.Release|x64.ActiveCfg = Release|Any CPU
		{E223D456-E789-0ABC-DEF1-234567890ABC}.Release|x64.Build.0 = Release|Any CPU
		{E223D456-E789-0ABC-DEF1-234567890ABC}.Release|x86.ActiveCfg = Release|Any CPU
		{E223D456-E789-0ABC-DEF1-234567890ABC}.Release|x86.Build.0 = Release|Any CPU
		{B24BEC0F-EFAB-EE42-9C15-4E0DA56DC2FC}.Debug|Any CPU.ActiveCfg = Debug|Any CPU
		{B24BEC0F-EFAB-EE42-9C15-4E0DA56DC2FC}.Debug|Any CPU.Build.0 = Debug|Any CPU
		{B24BEC0F-EFAB-EE42-9C15-4E0DA56DC2FC}.Debug|x64.ActiveCfg = Debug|Any CPU
		{B24BEC0F-EFAB-EE42-9C15-4E0DA56DC2FC}.Debug|x64.Build.0 = Debug|Any CPU
		{B24BEC0F-EFAB-EE42-9C15-4E0DA56DC2FC}.Debug|x86.ActiveCfg = Debug|Any CPU
		{B24BEC0F-EFAB-EE42-9C15-4E0DA56DC2FC}.Debug|x86.Build.0 = Debug|Any CPU
		{B24BEC0F-EFAB-EE42-9C15-4E0DA56DC2FC}.Release|Any CPU.ActiveCfg = Release|Any CPU
		{B24BEC0F-EFAB-EE42-9C15-4E0DA56DC2FC}.Release|x64.ActiveCfg = Release|Any CPU
		{B24BEC0F-EFAB-EE42-9C15-4E0DA56DC2FC}.Release|x64.Build.0 = Release|Any CPU
		{B24BEC0F-EFAB-EE42-9C15-4E0DA56DC2FC}.Release|x86.ActiveCfg = Release|Any CPU
		{B24BEC0F-EFAB-EE42-9C15-4E0DA56DC2FC}.Release|x86.Build.0 = Release|Any CPU
		{A9CD3F80-5A83-7B93-06E2-26C1766F946F}.Debug|Any CPU.ActiveCfg = Debug|Any CPU
		{A9CD3F80-5A83-7B93-06E2-26C1766F946F}.Debug|Any CPU.Build.0 = Debug|Any CPU
		{A9CD3F80-5A83-7B93-06E2-26C1766F946F}.Debug|x64.ActiveCfg = Debug|Any CPU
		{A9CD3F80-5A83-7B93-06E2-26C1766F946F}.Debug|x64.Build.0 = Debug|Any CPU
		{A9CD3F80-5A83-7B93-06E2-26C1766F946F}.Debug|x86.ActiveCfg = Debug|Any CPU
		{A9CD3F80-5A83-7B93-06E2-26C1766F946F}.Debug|x86.Build.0 = Debug|Any CPU
		{A9CD3F80-5A83-7B93-06E2-26C1766F946F}.Release|Any CPU.ActiveCfg = Release|Any CPU
		{A9CD3F80-5A83-7B93-06E2-26C1766F946F}.Release|x64.ActiveCfg = Release|Any CPU
		{A9CD3F80-5A83-7B93-06E2-26C1766F946F}.Release|x64.Build.0 = Release|Any CPU
		{A9CD3F80-5A83-7B93-06E2-26C1766F946F}.Release|x86.ActiveCfg = Release|Any CPU
		{A9CD3F80-5A83-7B93-06E2-26C1766F946F}.Release|x86.Build.0 = Release|Any CPU
		{A1CD3F80-5A83-7B93-06E2-26C1766F946F}.Debug|Any CPU.ActiveCfg = Debug|Any CPU
		{A1CD3F80-5A83-7B93-06E2-26C1766F946F}.Debug|Any CPU.Build.0 = Debug|Any CPU
		{A1CD3F80-5A83-7B93-06E2-26C1766F946F}.Debug|x64.ActiveCfg = Debug|Any CPU
		{A1CD3F80-5A83-7B93-06E2-26C1766F946F}.Debug|x64.Build.0 = Debug|Any CPU
		{A1CD3F80-5A83-7B93-06E2-26C1766F946F}.Debug|x86.ActiveCfg = Debug|Any CPU
		{A1CD3F80-5A83-7B93-06E2-26C1766F946F}.Debug|x86.Build.0 = Debug|Any CPU
		{A1CD3F80-5A83-7B93-06E2-26C1766F946F}.Release|Any CPU.ActiveCfg = Release|Any CPU
		{A1CD3F80-5A83-7B93-06E2-26C1766F946F}.Release|Any CPU.Build.0 = Release|Any CPU
		{A1CD3F80-5A83-7B93-06E2-26C1766F946F}.Release|x64.ActiveCfg = Release|Any CPU
		{A1CD3F80-5A83-7B93-06E2-26C1766F946F}.Release|x64.Build.0 = Release|Any CPU
		{A1CD3F80-5A83-7B93-06E2-26C1766F946F}.Release|x86.ActiveCfg = Release|Any CPU
		{A1CD3F80-5A83-7B93-06E2-26C1766F946F}.Release|x86.Build.0 = Release|Any CPU
		{A2CD3F80-5A83-7B93-06E2-26C1766F946F}.Debug|Any CPU.ActiveCfg = Debug|Any CPU
		{A2CD3F80-5A83-7B93-06E2-26C1766F946F}.Debug|Any CPU.Build.0 = Debug|Any CPU
		{A2CD3F80-5A83-7B93-06E2-26C1766F946F}.Debug|x64.ActiveCfg = Debug|Any CPU
		{A2CD3F80-5A83-7B93-06E2-26C1766F946F}.Debug|x64.Build.0 = Debug|Any CPU
		{A2CD3F80-5A83-7B93-06E2-26C1766F946F}.Debug|x86.ActiveCfg = Debug|Any CPU
		{A2CD3F80-5A83-7B93-06E2-26C1766F946F}.Debug|x86.Build.0 = Debug|Any CPU
		{A2CD3F80-5A83-7B93-06E2-26C1766F946F}.Release|Any CPU.ActiveCfg = Release|Any CPU
		{A2CD3F80-5A83-7B93-06E2-26C1766F946F}.Release|Any CPU.Build.0 = Release|Any CPU
		{A2CD3F80-5A83-7B93-06E2-26C1766F946F}.Release|x64.ActiveCfg = Release|Any CPU
		{A2CD3F80-5A83-7B93-06E2-26C1766F946F}.Release|x64.Build.0 = Release|Any CPU
		{A2CD3F80-5A83-7B93-06E2-26C1766F946F}.Release|x86.ActiveCfg = Release|Any CPU
		{A2CD3F80-5A83-7B93-06E2-26C1766F946F}.Release|x86.Build.0 = Release|Any CPU
		{A3CD3F80-5A83-7B93-06E2-26C1766F946F}.Debug|Any CPU.ActiveCfg = Debug|Any CPU
		{A3CD3F80-5A83-7B93-06E2-26C1766F946F}.Debug|Any CPU.Build.0 = Debug|Any CPU
		{A3CD3F80-5A83-7B93-06E2-26C1766F946F}.Debug|x64.ActiveCfg = Debug|Any CPU
		{A3CD3F80-5A83-7B93-06E2-26C1766F946F}.Debug|x64.Build.0 = Debug|Any CPU
		{A3CD3F80-5A83-7B93-06E2-26C1766F946F}.Debug|x86.ActiveCfg = Debug|Any CPU
		{A3CD3F80-5A83-7B93-06E2-26C1766F946F}.Debug|x86.Build.0 = Debug|Any CPU
		{A3CD3F80-5A83-7B93-06E2-26C1766F946F}.Release|Any CPU.ActiveCfg = Release|Any CPU
		{A3CD3F80-5A83-7B93-06E2-26C1766F946F}.Release|Any CPU.Build.0 = Release|Any CPU
		{A3CD3F80-5A83-7B93-06E2-26C1766F946F}.Release|x64.ActiveCfg = Release|Any CPU
		{A3CD3F80-5A83-7B93-06E2-26C1766F946F}.Release|x64.Build.0 = Release|Any CPU
		{A3CD3F80-5A83-7B93-06E2-26C1766F946F}.Release|x86.ActiveCfg = Release|Any CPU
		{A3CD3F80-5A83-7B93-06E2-26C1766F946F}.Release|x86.Build.0 = Release|Any CPU
		{BC1DD830-F263-4BF6-AAFA-C395DA52AF9E}.Debug|Any CPU.ActiveCfg = Debug|Any CPU
		{BC1DD830-F263-4BF6-AAFA-C395DA52AF9E}.Debug|Any CPU.Build.0 = Debug|Any CPU
		{BC1DD830-F263-4BF6-AAFA-C395DA52AF9E}.Debug|x64.ActiveCfg = Debug|Any CPU
		{BC1DD830-F263-4BF6-AAFA-C395DA52AF9E}.Debug|x64.Build.0 = Debug|Any CPU
		{BC1DD830-F263-4BF6-AAFA-C395DA52AF9E}.Debug|x86.ActiveCfg = Debug|Any CPU
		{BC1DD830-F263-4BF6-AAFA-C395DA52AF9E}.Debug|x86.Build.0 = Debug|Any CPU
		{BC1DD830-F263-4BF6-AAFA-C395DA52AF9E}.Release|Any CPU.ActiveCfg = Release|Any CPU
		{BC1DD830-F263-4BF6-AAFA-C395DA52AF9E}.Release|Any CPU.Build.0 = Release|Any CPU
		{BC1DD830-F263-4BF6-AAFA-C395DA52AF9E}.Release|x64.ActiveCfg = Release|Any CPU
		{BC1DD830-F263-4BF6-AAFA-C395DA52AF9E}.Release|x64.Build.0 = Release|Any CPU
		{BC1DD830-F263-4BF6-AAFA-C395DA52AF9E}.Release|x86.ActiveCfg = Release|Any CPU
		{BC1DD830-F263-4BF6-AAFA-C395DA52AF9E}.Release|x86.Build.0 = Release|Any CPU
		{0AE4BA46-1AEC-401E-98BB-6B55662DB343}.Debug|Any CPU.ActiveCfg = Debug|Any CPU
		{0AE4BA46-1AEC-401E-98BB-6B55662DB343}.Debug|Any CPU.Build.0 = Debug|Any CPU
		{0AE4BA46-1AEC-401E-98BB-6B55662DB343}.Debug|x64.ActiveCfg = Debug|Any CPU
		{0AE4BA46-1AEC-401E-98BB-6B55662DB343}.Debug|x64.Build.0 = Debug|Any CPU
		{0AE4BA46-1AEC-401E-98BB-6B55662DB343}.Debug|x86.ActiveCfg = Debug|Any CPU
		{0AE4BA46-1AEC-401E-98BB-6B55662DB343}.Debug|x86.Build.0 = Debug|Any CPU
		{0AE4BA46-1AEC-401E-98BB-6B55662DB343}.Release|Any CPU.ActiveCfg = Release|Any CPU
		{0AE4BA46-1AEC-401E-98BB-6B55662DB343}.Release|Any CPU.Build.0 = Release|Any CPU
		{0AE4BA46-1AEC-401E-98BB-6B55662DB343}.Release|x64.ActiveCfg = Release|Any CPU
		{0AE4BA46-1AEC-401E-98BB-6B55662DB343}.Release|x64.Build.0 = Release|Any CPU
		{0AE4BA46-1AEC-401E-98BB-6B55662DB343}.Release|x86.ActiveCfg = Release|Any CPU
		{0AE4BA46-1AEC-401E-98BB-6B55662DB343}.Release|x86.Build.0 = Release|Any CPU
	EndGlobalSection
	GlobalSection(SolutionProperties) = preSolution
		HideSolutionNode = FALSE
	EndGlobalSection
	GlobalSection(NestedProjects) = preSolution
		{C123D456-E789-0ABC-DEF1-234567890ABC} = {5AB36F7E-BBAF-4C7C-B86C-1865B88588D2}
		{C223D456-E789-0ABC-DEF1-234567890ABC} = {5AB36F7E-BBAF-4C7C-B86C-1865B88588D2}
		{C323D456-E789-0ABC-DEF1-234567890ABC} = {5AB36F7E-BBAF-4C7C-B86C-1865B88588D2}
		{C423D456-E789-0ABC-DEF1-234567890ABC} = {5AB36F7E-BBAF-4C7C-B86C-1865B88588D2}
		{D123D456-E789-0ABC-DEF1-234567890ABD} = {5AB36F7E-BBAF-4C7C-B86C-1865B88588D2}
		{E123D456-E789-0ABC-DEF1-234567890ABE} = {5AB36F7E-BBAF-4C7C-B86C-1865B88588D2}
		{F123D456-E789-0ABC-DEF1-234567890ABF} = {5AB36F7E-BBAF-4C7C-B86C-1865B88588D2}
		{D223D456-E789-0ABC-DEF1-234567890ABC} = {5AB36F7E-BBAF-4C7C-B86C-1865B88588D2}
		{E223D456-E789-0ABC-DEF1-234567890ABC} = {5AB36F7E-BBAF-4C7C-B86C-1865B88588D2}
		{B24BEC0F-EFAB-EE42-9C15-4E0DA56DC2FC} = {0AB3BF05-4346-4AA6-1389-037BE0695223}
		{A9CD3F80-5A83-7B93-06E2-26C1766F946F} = {0AB3BF05-4346-4AA6-1389-037BE0695223}
		{A1CD3F80-5A83-7B93-06E2-26C1766F946F} = {0AB3BF05-4346-4AA6-1389-037BE0695223}
		{A2CD3F80-5A83-7B93-06E2-26C1766F946F} = {0AB3BF05-4346-4AA6-1389-037BE0695223}
		{A3CD3F80-5A83-7B93-06E2-26C1766F946F} = {0AB3BF05-4346-4AA6-1389-037BE0695223}
		{BC1DD830-F263-4BF6-AAFA-C395DA52AF9E} = {0AB3BF05-4346-4AA6-1389-037BE0695223}
		{0AE4BA46-1AEC-401E-98BB-6B55662DB343} = {0AB3BF05-4346-4AA6-1389-037BE0695223}
	EndGlobalSection
	GlobalSection(ExtensibilityGlobals) = postSolution
		SolutionGuid = {5AB36F7E-BBAF-4C7C-B86C-1865B88588D1}
	EndGlobalSection
EndGlobal
